
Microsoft Visual Studio Solution File, Format Version 12.00
# Visual Studio 14
VisualStudioVersion = 14.0.25123.0
MinimumVisualStudioVersion = 10.0.40219.1
Project("{FAE04EC0-301F-11D3-BF4B-00C04F79EFBC}") = "Hansen", "Hansen\Hansen.csproj", "{020B43DD-0998-44EF-8DC6-2761ACC0F518}"
EndProject
Global
	GlobalSection(SolutionConfigurationPlatforms) = preSolution
		Debug|Any CPU = Debug|Any CPU
		Release|Any CPU = Release|Any CPU
	EndGlobalSection
	GlobalSection(ProjectConfigurationPlatforms) = postSolution
		{020B43DD-0998-44EF-8DC6-2761ACC0F518}.Debug|Any CPU.ActiveCfg = Debug|Any CPU
		{020B43DD-0998-44EF-8DC6-2761ACC0F518}.Debug|Any CPU.Build.0 = Debug|Any CPU
		{020B43DD-0998-44EF-8DC6-2761ACC0F518}.Release|Any CPU.ActiveCfg = Release|Any CPU
		{020B43DD-0998-44EF-8DC6-2761ACC0F518}.Release|Any CPU.Build.0 = Release|Any CPU
	EndGlobalSection
	GlobalSection(SolutionProperties) = preSolution
		HideSolutionNode = FALSE
	EndGlobalSection
EndGlobal
